
Microsoft Visual Studio Solution File, Format Version 12.00
# Visual Studio Version 17
VisualStudioVersion = 17.13.35931.197 d17.13
MinimumVisualStudioVersion = 10.0.40219.1
Project("{FAE04EC0-301F-11D3-BF4B-00C04F79EFBC}") = "Lab_5", "Lab_5.csproj", "{D3FFFFB5-A97B-45D2-8388-834400EAB7EA}"
EndProject
Global
	GlobalSection(SolutionConfigurationPlatforms) = preSolution
		Debug|Any CPU = Debug|Any CPU
		Release|Any CPU = Release|Any CPU
	EndGlobalSection
	GlobalSection(ProjectConfigurationPlatforms) = postSolution
		{D3FFFFB5-A97B-45D2-8388-834400EAB7EA}.Debug|Any CPU.ActiveCfg = Debug|Any CPU
		{D3FFFFB5-A97B-45D2-8388-834400EAB7EA}.Debug|Any CPU.Build.0 = Debug|Any CPU
		{D3FFFFB5-A97B-45D2-8388-834400EAB7EA}.Release|Any CPU.ActiveCfg = Release|Any CPU
		{D3FFFFB5-A97B-45D2-8388-834400EAB7EA}.Release|Any CPU.Build.0 = Release|Any CPU
	EndGlobalSection
	GlobalSection(SolutionProperties) = preSolution
		HideSolutionNode = FALSE
	EndGlobalSection
	GlobalSection(ExtensibilityGlobals) = postSolution
		SolutionGuid = {98A39141-1787-4BC7-98DC-6CF37016E310}
	EndGlobalSection
EndGlobal
