
Microsoft Visual Studio Solution File, Format Version 12.00
# Visual Studio Version 17
VisualStudioVersion = 17.13.35931.197 d17.13
MinimumVisualStudioVersion = 10.0.40219.1
Project("{FAE04EC0-301F-11D3-BF4B-00C04F79EFBC}") = "Lab_1C", "Lab_1C.csproj", "{18DF9EBE-296E-49AA-B67F-7042AF4B122F}"
EndProject
Global
	GlobalSection(SolutionConfigurationPlatforms) = preSolution
		Debug|Any CPU = Debug|Any CPU
		Release|Any CPU = Release|Any CPU
	EndGlobalSection
	GlobalSection(ProjectConfigurationPlatforms) = postSolution
		{18DF9EBE-296E-49AA-B67F-7042AF4B122F}.Debug|Any CPU.ActiveCfg = Debug|Any CPU
		{18DF9EBE-296E-49AA-B67F-7042AF4B122F}.Debug|Any CPU.Build.0 = Debug|Any CPU
		{18DF9EBE-296E-49AA-B67F-7042AF4B122F}.Release|Any CPU.ActiveCfg = Release|Any CPU
		{18DF9EBE-296E-49AA-B67F-7042AF4B122F}.Release|Any CPU.Build.0 = Release|Any CPU
	EndGlobalSection
	GlobalSection(SolutionProperties) = preSolution
		HideSolutionNode = FALSE
	EndGlobalSection
	GlobalSection(ExtensibilityGlobals) = postSolution
		SolutionGuid = {8DC50709-E50A-487F-BFC4-F65F698FA305}
	EndGlobalSection
EndGlobal
